// !$*UTF8*$!
{
	archiveVersion = 1;
	classes = {
	};
	objectVersion = 56;
	objects = {

/* Begin PBXBuildFile section */
		54BFC6BF2B16731A0095C6FC /* Location.swift in Sources */ = {isa = PBXBuildFile; fileRef = 54BFC6BE2B16731A0095C6FC /* Location.swift */; };
		A22B3CA52AF17A9A003AB877 /* HomepageViewController.swift in Sources */ = {isa = PBXBuildFile; fileRef = A22B3CA42AF17A9A003AB877 /* HomepageViewController.swift */; };
		A248AABF2B0AD39D0073B679 /* ProgressSpinnerDelegate.swift in Sources */ = {isa = PBXBuildFile; fileRef = A248AABE2B0AD39D0073B679 /* ProgressSpinnerDelegate.swift */; };
		A248AAC12B0AD3B00073B679 /* ProgressSpinnerViewController.swift in Sources */ = {isa = PBXBuildFile; fileRef = A248AAC02B0AD3B00073B679 /* ProgressSpinnerViewController.swift */; };
		A248AAC42B0AD6190073B679 /* GoogleService-Info.plist in Resources */ = {isa = PBXBuildFile; fileRef = A248AAC32B0AD6190073B679 /* GoogleService-Info.plist */; };
		A248AAC72B0AD79B0073B679 /* FirebaseAnalytics in Frameworks */ = {isa = PBXBuildFile; productRef = A248AAC62B0AD79B0073B679 /* FirebaseAnalytics */; };
		A248AAC92B0AD79B0073B679 /* FirebaseAnalyticsOnDeviceConversion in Frameworks */ = {isa = PBXBuildFile; productRef = A248AAC82B0AD79B0073B679 /* FirebaseAnalyticsOnDeviceConversion */; };
		A248AACB2B0AD79B0073B679 /* FirebaseAnalyticsSwift in Frameworks */ = {isa = PBXBuildFile; productRef = A248AACA2B0AD79B0073B679 /* FirebaseAnalyticsSwift */; };
		A248AACD2B0AD79B0073B679 /* FirebaseAnalyticsWithoutAdIdSupport in Frameworks */ = {isa = PBXBuildFile; productRef = A248AACC2B0AD79B0073B679 /* FirebaseAnalyticsWithoutAdIdSupport */; };
		A248AACF2B0AD79B0073B679 /* FirebaseAppCheck in Frameworks */ = {isa = PBXBuildFile; productRef = A248AACE2B0AD79B0073B679 /* FirebaseAppCheck */; };
		A248AAD12B0AD79B0073B679 /* FirebaseAppDistribution-Beta in Frameworks */ = {isa = PBXBuildFile; productRef = A248AAD02B0AD79B0073B679 /* FirebaseAppDistribution-Beta */; };
		A248AAD32B0AD79B0073B679 /* FirebaseAuth in Frameworks */ = {isa = PBXBuildFile; productRef = A248AAD22B0AD79B0073B679 /* FirebaseAuth */; };
		A248AAD52B0AD79B0073B679 /* FirebaseAuthCombine-Community in Frameworks */ = {isa = PBXBuildFile; productRef = A248AAD42B0AD79B0073B679 /* FirebaseAuthCombine-Community */; };
		A248AAD72B0AD79B0073B679 /* FirebaseCrashlytics in Frameworks */ = {isa = PBXBuildFile; productRef = A248AAD62B0AD79B0073B679 /* FirebaseCrashlytics */; };
		A248AAD92B0AD79B0073B679 /* FirebaseDatabase in Frameworks */ = {isa = PBXBuildFile; productRef = A248AAD82B0AD79B0073B679 /* FirebaseDatabase */; };
		A248AADB2B0AD79B0073B679 /* FirebaseDatabaseSwift in Frameworks */ = {isa = PBXBuildFile; productRef = A248AADA2B0AD79B0073B679 /* FirebaseDatabaseSwift */; };
		A248AADD2B0AD79B0073B679 /* FirebaseDynamicLinks in Frameworks */ = {isa = PBXBuildFile; productRef = A248AADC2B0AD79B0073B679 /* FirebaseDynamicLinks */; };
		A248AADF2B0AD79B0073B679 /* FirebaseFirestore in Frameworks */ = {isa = PBXBuildFile; productRef = A248AADE2B0AD79B0073B679 /* FirebaseFirestore */; };
		A248AAE12B0AD79B0073B679 /* FirebaseFirestoreCombine-Community in Frameworks */ = {isa = PBXBuildFile; productRef = A248AAE02B0AD79B0073B679 /* FirebaseFirestoreCombine-Community */; };
		A248AAE32B0AD79B0073B679 /* FirebaseFirestoreSwift in Frameworks */ = {isa = PBXBuildFile; productRef = A248AAE22B0AD79B0073B679 /* FirebaseFirestoreSwift */; };
		A248AAE52B0AD79B0073B679 /* FirebaseFunctions in Frameworks */ = {isa = PBXBuildFile; productRef = A248AAE42B0AD79B0073B679 /* FirebaseFunctions */; };
		A248AAE72B0AD79B0073B679 /* FirebaseFunctionsCombine-Community in Frameworks */ = {isa = PBXBuildFile; productRef = A248AAE62B0AD79B0073B679 /* FirebaseFunctionsCombine-Community */; };
		A248AAE92B0AD79B0073B679 /* FirebaseInAppMessaging-Beta in Frameworks */ = {isa = PBXBuildFile; productRef = A248AAE82B0AD79B0073B679 /* FirebaseInAppMessaging-Beta */; };
		A248AAEB2B0AD79B0073B679 /* FirebaseInAppMessagingSwift-Beta in Frameworks */ = {isa = PBXBuildFile; productRef = A248AAEA2B0AD79B0073B679 /* FirebaseInAppMessagingSwift-Beta */; };
		A248AAED2B0AD79B0073B679 /* FirebaseInstallations in Frameworks */ = {isa = PBXBuildFile; productRef = A248AAEC2B0AD79B0073B679 /* FirebaseInstallations */; };
		A248AAEF2B0AD79B0073B679 /* FirebaseMLModelDownloader in Frameworks */ = {isa = PBXBuildFile; productRef = A248AAEE2B0AD79B0073B679 /* FirebaseMLModelDownloader */; };
		A248AAF12B0AD79B0073B679 /* FirebaseMessaging in Frameworks */ = {isa = PBXBuildFile; productRef = A248AAF02B0AD79B0073B679 /* FirebaseMessaging */; };
		A248AAF32B0AD79B0073B679 /* FirebasePerformance in Frameworks */ = {isa = PBXBuildFile; productRef = A248AAF22B0AD79B0073B679 /* FirebasePerformance */; };
		A248AAF52B0AD79B0073B679 /* FirebaseRemoteConfig in Frameworks */ = {isa = PBXBuildFile; productRef = A248AAF42B0AD79B0073B679 /* FirebaseRemoteConfig */; };
		A248AAF72B0AD79B0073B679 /* FirebaseRemoteConfigSwift in Frameworks */ = {isa = PBXBuildFile; productRef = A248AAF62B0AD79B0073B679 /* FirebaseRemoteConfigSwift */; };
		A248AAF92B0AD79B0073B679 /* FirebaseStorage in Frameworks */ = {isa = PBXBuildFile; productRef = A248AAF82B0AD79B0073B679 /* FirebaseStorage */; };
		A248AAFB2B0AD79B0073B679 /* FirebaseStorageCombine-Community in Frameworks */ = {isa = PBXBuildFile; productRef = A248AAFA2B0AD79B0073B679 /* FirebaseStorageCombine-Community */; };
		A248AAFD2B0AD7BC0073B679 /* Configs.swift in Sources */ = {isa = PBXBuildFile; fileRef = A248AAFC2B0AD7BC0073B679 /* Configs.swift */; };
		A248AAFF2B0AD9A00073B679 /* LoginFirebaseManager.swift in Sources */ = {isa = PBXBuildFile; fileRef = A248AAFE2B0AD9A00073B679 /* LoginFirebaseManager.swift */; };
		A248AB012B0AD9AF0073B679 /* LoginProgressIndicatorManager.swift in Sources */ = {isa = PBXBuildFile; fileRef = A248AB002B0AD9AF0073B679 /* LoginProgressIndicatorManager.swift */; };
		A248AB032B0ADB330073B679 /* SignUpFirebaseManager.swift in Sources */ = {isa = PBXBuildFile; fileRef = A248AB022B0ADB330073B679 /* SignUpFirebaseManager.swift */; };
		A248AB052B0ADB4C0073B679 /* SignUpProgressIndicatorManager.swift in Sources */ = {isa = PBXBuildFile; fileRef = A248AB042B0ADB4C0073B679 /* SignUpProgressIndicatorManager.swift */; };
		A248AB082B0ADC950073B679 /* User.swift in Sources */ = {isa = PBXBuildFile; fileRef = A248AB072B0ADC950073B679 /* User.swift */; };
		A248AB0A2B0ADE6C0073B679 /* SignUpPhotoManager.swift in Sources */ = {isa = PBXBuildFile; fileRef = A248AB092B0ADE6C0073B679 /* SignUpPhotoManager.swift */; };
		A2839B802B1835E100940CBC /* ProfileProgressIndicatorManager.swift in Sources */ = {isa = PBXBuildFile; fileRef = A2839B7F2B1835E100940CBC /* ProfileProgressIndicatorManager.swift */; };
		A28A2B152B0EBAEF00F908D6 /* Place.swift in Sources */ = {isa = PBXBuildFile; fileRef = A28A2B142B0EBAEF00F908D6 /* Place.swift */; };
		A28A2B172B0EBAFE00F908D6 /* MapViewDelegate.swift in Sources */ = {isa = PBXBuildFile; fileRef = A28A2B162B0EBAFE00F908D6 /* MapViewDelegate.swift */; };
		A28A2B192B0EBB0C00F908D6 /* LocationManagerDelegate.swift in Sources */ = {isa = PBXBuildFile; fileRef = A28A2B182B0EBB0C00F908D6 /* LocationManagerDelegate.swift */; };
		A2A843522AF0A2350028DB72 /* AppDelegate.swift in Sources */ = {isa = PBXBuildFile; fileRef = A2A843512AF0A2350028DB72 /* AppDelegate.swift */; };
		A2A843542AF0A2350028DB72 /* SceneDelegate.swift in Sources */ = {isa = PBXBuildFile; fileRef = A2A843532AF0A2350028DB72 /* SceneDelegate.swift */; };
		A2A843562AF0A2350028DB72 /* ViewController.swift in Sources */ = {isa = PBXBuildFile; fileRef = A2A843552AF0A2350028DB72 /* ViewController.swift */; };
		A2A843592AF0A2350028DB72 /* Main.storyboard in Resources */ = {isa = PBXBuildFile; fileRef = A2A843572AF0A2350028DB72 /* Main.storyboard */; };
		A2A8435B2AF0A2360028DB72 /* Assets.xcassets in Resources */ = {isa = PBXBuildFile; fileRef = A2A8435A2AF0A2360028DB72 /* Assets.xcassets */; };
		A2A843662AF0A2800028DB72 /* HomepageView.swift in Sources */ = {isa = PBXBuildFile; fileRef = A2A843652AF0A2800028DB72 /* HomepageView.swift */; };
		A2A8436A2AF0A6B50028DB72 /* WelcomeView.swift in Sources */ = {isa = PBXBuildFile; fileRef = A2A843692AF0A6B50028DB72 /* WelcomeView.swift */; };
		A2A8436C2AF0A6C20028DB72 /* WelcomeViewController.swift in Sources */ = {isa = PBXBuildFile; fileRef = A2A8436B2AF0A6C20028DB72 /* WelcomeViewController.swift */; };
		A2A843712AF0A7260028DB72 /* LoginViewController.swift in Sources */ = {isa = PBXBuildFile; fileRef = A2A843702AF0A7260028DB72 /* LoginViewController.swift */; };
		A2A843742AF0A7450028DB72 /* LoginView.swift in Sources */ = {isa = PBXBuildFile; fileRef = A2A843732AF0A7450028DB72 /* LoginView.swift */; };
		A2A843762AF0A7500028DB72 /* SignUpView.swift in Sources */ = {isa = PBXBuildFile; fileRef = A2A843752AF0A7500028DB72 /* SignUpView.swift */; };
		A2A843782AF0A75A0028DB72 /* SignUpViewController.swift in Sources */ = {isa = PBXBuildFile; fileRef = A2A843772AF0A75A0028DB72 /* SignUpViewController.swift */; };
		A2A8437A2AF0A7750028DB72 /* JourneyViewController.swift in Sources */ = {isa = PBXBuildFile; fileRef = A2A843792AF0A7750028DB72 /* JourneyViewController.swift */; };
		A2A8437C2AF0A7800028DB72 /* LeaderboardViewController.swift in Sources */ = {isa = PBXBuildFile; fileRef = A2A8437B2AF0A7800028DB72 /* LeaderboardViewController.swift */; };
		A2A8437E2AF0A7B60028DB72 /* ProfileViewController.swift in Sources */ = {isa = PBXBuildFile; fileRef = A2A8437D2AF0A7B50028DB72 /* ProfileViewController.swift */; };
		A2A843802AF0A7C40028DB72 /* JourneyView.swift in Sources */ = {isa = PBXBuildFile; fileRef = A2A8437F2AF0A7C40028DB72 /* JourneyView.swift */; };
		A2A843822AF0A7D00028DB72 /* LeaderboardView.swift in Sources */ = {isa = PBXBuildFile; fileRef = A2A843812AF0A7D00028DB72 /* LeaderboardView.swift */; };
		A2A843842AF0A7D90028DB72 /* ProfileView.swift in Sources */ = {isa = PBXBuildFile; fileRef = A2A843832AF0A7D90028DB72 /* ProfileView.swift */; };
		A2DC05842B0C286400415661 /* ImageViewUtils.swift in Sources */ = {isa = PBXBuildFile; fileRef = A2DC05832B0C286400415661 /* ImageViewUtils.swift */; };
		FD5D8EA52B06DD0B0004E0C2 /* Leader.swift in Sources */ = {isa = PBXBuildFile; fileRef = FD5D8EA42B06DD0B0004E0C2 /* Leader.swift */; };
		FD5D8EA72B06DD660004E0C2 /* LeaderTableViewCell.swift in Sources */ = {isa = PBXBuildFile; fileRef = FD5D8EA62B06DD660004E0C2 /* LeaderTableViewCell.swift */; };
/* End PBXBuildFile section */

/* Begin PBXFileReference section */
		54BFC6BE2B16731A0095C6FC /* Location.swift */ = {isa = PBXFileReference; lastKnownFileType = sourcecode.swift; path = Location.swift; sourceTree = "<group>"; };
		A22B3CA42AF17A9A003AB877 /* HomepageViewController.swift */ = {isa = PBXFileReference; lastKnownFileType = sourcecode.swift; path = HomepageViewController.swift; sourceTree = "<group>"; };
		A248AABE2B0AD39D0073B679 /* ProgressSpinnerDelegate.swift */ = {isa = PBXFileReference; lastKnownFileType = sourcecode.swift; path = ProgressSpinnerDelegate.swift; sourceTree = "<group>"; };
		A248AAC02B0AD3B00073B679 /* ProgressSpinnerViewController.swift */ = {isa = PBXFileReference; lastKnownFileType = sourcecode.swift; path = ProgressSpinnerViewController.swift; sourceTree = "<group>"; };
		A248AAC32B0AD6190073B679 /* GoogleService-Info.plist */ = {isa = PBXFileReference; fileEncoding = 4; lastKnownFileType = text.plist.xml; path = "GoogleService-Info.plist"; sourceTree = "<group>"; };
		A248AAFC2B0AD7BC0073B679 /* Configs.swift */ = {isa = PBXFileReference; lastKnownFileType = sourcecode.swift; path = Configs.swift; sourceTree = "<group>"; };
		A248AAFE2B0AD9A00073B679 /* LoginFirebaseManager.swift */ = {isa = PBXFileReference; lastKnownFileType = sourcecode.swift; path = LoginFirebaseManager.swift; sourceTree = "<group>"; };
		A248AB002B0AD9AF0073B679 /* LoginProgressIndicatorManager.swift */ = {isa = PBXFileReference; lastKnownFileType = sourcecode.swift; path = LoginProgressIndicatorManager.swift; sourceTree = "<group>"; };
		A248AB022B0ADB330073B679 /* SignUpFirebaseManager.swift */ = {isa = PBXFileReference; lastKnownFileType = sourcecode.swift; path = SignUpFirebaseManager.swift; sourceTree = "<group>"; };
		A248AB042B0ADB4C0073B679 /* SignUpProgressIndicatorManager.swift */ = {isa = PBXFileReference; lastKnownFileType = sourcecode.swift; path = SignUpProgressIndicatorManager.swift; sourceTree = "<group>"; };
		A248AB072B0ADC950073B679 /* User.swift */ = {isa = PBXFileReference; lastKnownFileType = sourcecode.swift; path = User.swift; sourceTree = "<group>"; };
		A248AB092B0ADE6C0073B679 /* SignUpPhotoManager.swift */ = {isa = PBXFileReference; lastKnownFileType = sourcecode.swift; path = SignUpPhotoManager.swift; sourceTree = "<group>"; };
		A2839B7F2B1835E100940CBC /* ProfileProgressIndicatorManager.swift */ = {isa = PBXFileReference; lastKnownFileType = sourcecode.swift; path = ProfileProgressIndicatorManager.swift; sourceTree = "<group>"; };
		A28A2B142B0EBAEF00F908D6 /* Place.swift */ = {isa = PBXFileReference; lastKnownFileType = sourcecode.swift; path = Place.swift; sourceTree = "<group>"; };
		A28A2B162B0EBAFE00F908D6 /* MapViewDelegate.swift */ = {isa = PBXFileReference; lastKnownFileType = sourcecode.swift; path = MapViewDelegate.swift; sourceTree = "<group>"; };
		A28A2B182B0EBB0C00F908D6 /* LocationManagerDelegate.swift */ = {isa = PBXFileReference; lastKnownFileType = sourcecode.swift; path = LocationManagerDelegate.swift; sourceTree = "<group>"; };
		A2A8434E2AF0A2350028DB72 /* stroll.app */ = {isa = PBXFileReference; explicitFileType = wrapper.application; includeInIndex = 0; path = stroll.app; sourceTree = BUILT_PRODUCTS_DIR; };
		A2A843512AF0A2350028DB72 /* AppDelegate.swift */ = {isa = PBXFileReference; lastKnownFileType = sourcecode.swift; path = AppDelegate.swift; sourceTree = "<group>"; };
		A2A843532AF0A2350028DB72 /* SceneDelegate.swift */ = {isa = PBXFileReference; lastKnownFileType = sourcecode.swift; path = SceneDelegate.swift; sourceTree = "<group>"; };
		A2A843552AF0A2350028DB72 /* ViewController.swift */ = {isa = PBXFileReference; lastKnownFileType = sourcecode.swift; path = ViewController.swift; sourceTree = "<group>"; };
		A2A843582AF0A2350028DB72 /* Base */ = {isa = PBXFileReference; lastKnownFileType = file.storyboard; name = Base; path = Base.lproj/Main.storyboard; sourceTree = "<group>"; };
		A2A8435A2AF0A2360028DB72 /* Assets.xcassets */ = {isa = PBXFileReference; lastKnownFileType = folder.assetcatalog; path = Assets.xcassets; sourceTree = "<group>"; };
		A2A8435F2AF0A2360028DB72 /* Info.plist */ = {isa = PBXFileReference; lastKnownFileType = text.plist.xml; path = Info.plist; sourceTree = "<group>"; };
		A2A843652AF0A2800028DB72 /* HomepageView.swift */ = {isa = PBXFileReference; lastKnownFileType = sourcecode.swift; path = HomepageView.swift; sourceTree = "<group>"; };
		A2A843692AF0A6B50028DB72 /* WelcomeView.swift */ = {isa = PBXFileReference; lastKnownFileType = sourcecode.swift; path = WelcomeView.swift; sourceTree = "<group>"; };
		A2A8436B2AF0A6C20028DB72 /* WelcomeViewController.swift */ = {isa = PBXFileReference; lastKnownFileType = sourcecode.swift; path = WelcomeViewController.swift; sourceTree = "<group>"; };
		A2A843702AF0A7260028DB72 /* LoginViewController.swift */ = {isa = PBXFileReference; lastKnownFileType = sourcecode.swift; path = LoginViewController.swift; sourceTree = "<group>"; };
		A2A843732AF0A7450028DB72 /* LoginView.swift */ = {isa = PBXFileReference; lastKnownFileType = sourcecode.swift; path = LoginView.swift; sourceTree = "<group>"; };
		A2A843752AF0A7500028DB72 /* SignUpView.swift */ = {isa = PBXFileReference; lastKnownFileType = sourcecode.swift; path = SignUpView.swift; sourceTree = "<group>"; };
		A2A843772AF0A75A0028DB72 /* SignUpViewController.swift */ = {isa = PBXFileReference; lastKnownFileType = sourcecode.swift; path = SignUpViewController.swift; sourceTree = "<group>"; };
		A2A843792AF0A7750028DB72 /* JourneyViewController.swift */ = {isa = PBXFileReference; lastKnownFileType = sourcecode.swift; path = JourneyViewController.swift; sourceTree = "<group>"; };
		A2A8437B2AF0A7800028DB72 /* LeaderboardViewController.swift */ = {isa = PBXFileReference; lastKnownFileType = sourcecode.swift; path = LeaderboardViewController.swift; sourceTree = "<group>"; };
		A2A8437D2AF0A7B50028DB72 /* ProfileViewController.swift */ = {isa = PBXFileReference; lastKnownFileType = sourcecode.swift; path = ProfileViewController.swift; sourceTree = "<group>"; };
		A2A8437F2AF0A7C40028DB72 /* JourneyView.swift */ = {isa = PBXFileReference; lastKnownFileType = sourcecode.swift; path = JourneyView.swift; sourceTree = "<group>"; };
		A2A843812AF0A7D00028DB72 /* LeaderboardView.swift */ = {isa = PBXFileReference; lastKnownFileType = sourcecode.swift; path = LeaderboardView.swift; sourceTree = "<group>"; };
		A2A843832AF0A7D90028DB72 /* ProfileView.swift */ = {isa = PBXFileReference; lastKnownFileType = sourcecode.swift; path = ProfileView.swift; sourceTree = "<group>"; };
		A2DC05832B0C286400415661 /* ImageViewUtils.swift */ = {isa = PBXFileReference; lastKnownFileType = sourcecode.swift; path = ImageViewUtils.swift; sourceTree = "<group>"; };
		FD5D8EA42B06DD0B0004E0C2 /* Leader.swift */ = {isa = PBXFileReference; lastKnownFileType = sourcecode.swift; path = Leader.swift; sourceTree = "<group>"; };
		FD5D8EA62B06DD660004E0C2 /* LeaderTableViewCell.swift */ = {isa = PBXFileReference; lastKnownFileType = sourcecode.swift; path = LeaderTableViewCell.swift; sourceTree = "<group>"; };
/* End PBXFileReference section */

/* Begin PBXFrameworksBuildPhase section */
		A2A8434B2AF0A2350028DB72 /* Frameworks */ = {
			isa = PBXFrameworksBuildPhase;
			buildActionMask = 2147483647;
			files = (
				A248AAD92B0AD79B0073B679 /* FirebaseDatabase in Frameworks */,
				A248AAE72B0AD79B0073B679 /* FirebaseFunctionsCombine-Community in Frameworks */,
				A248AADF2B0AD79B0073B679 /* FirebaseFirestore in Frameworks */,
				A248AACB2B0AD79B0073B679 /* FirebaseAnalyticsSwift in Frameworks */,
				A248AAC72B0AD79B0073B679 /* FirebaseAnalytics in Frameworks */,
				A248AAC92B0AD79B0073B679 /* FirebaseAnalyticsOnDeviceConversion in Frameworks */,
				A248AAEF2B0AD79B0073B679 /* FirebaseMLModelDownloader in Frameworks */,
				A248AAE32B0AD79B0073B679 /* FirebaseFirestoreSwift in Frameworks */,
				A248AACF2B0AD79B0073B679 /* FirebaseAppCheck in Frameworks */,
				A248AACD2B0AD79B0073B679 /* FirebaseAnalyticsWithoutAdIdSupport in Frameworks */,
				A248AAD32B0AD79B0073B679 /* FirebaseAuth in Frameworks */,
				A248AAD72B0AD79B0073B679 /* FirebaseCrashlytics in Frameworks */,
				A248AAF72B0AD79B0073B679 /* FirebaseRemoteConfigSwift in Frameworks */,
				A248AAE92B0AD79B0073B679 /* FirebaseInAppMessaging-Beta in Frameworks */,
				A248AADB2B0AD79B0073B679 /* FirebaseDatabaseSwift in Frameworks */,
				A248AAE52B0AD79B0073B679 /* FirebaseFunctions in Frameworks */,
				A248AAFB2B0AD79B0073B679 /* FirebaseStorageCombine-Community in Frameworks */,
				A248AAF52B0AD79B0073B679 /* FirebaseRemoteConfig in Frameworks */,
				A248AAD12B0AD79B0073B679 /* FirebaseAppDistribution-Beta in Frameworks */,
				A248AAD52B0AD79B0073B679 /* FirebaseAuthCombine-Community in Frameworks */,
				A248AAF32B0AD79B0073B679 /* FirebasePerformance in Frameworks */,
				A248AAEB2B0AD79B0073B679 /* FirebaseInAppMessagingSwift-Beta in Frameworks */,
				A248AAF92B0AD79B0073B679 /* FirebaseStorage in Frameworks */,
				A248AADD2B0AD79B0073B679 /* FirebaseDynamicLinks in Frameworks */,
				A248AAE12B0AD79B0073B679 /* FirebaseFirestoreCombine-Community in Frameworks */,
				A248AAF12B0AD79B0073B679 /* FirebaseMessaging in Frameworks */,
				A248AAED2B0AD79B0073B679 /* FirebaseInstallations in Frameworks */,
			);
			runOnlyForDeploymentPostprocessing = 0;
		};
/* End PBXFrameworksBuildPhase section */

/* Begin PBXGroup section */
<<<<<<< Updated upstream
=======
		5482F3842B1A777D000E80BA /* Views */ = {
			isa = PBXGroup;
			children = (
				A2A843652AF0A2800028DB72 /* HomepageView.swift */,
			);
			path = Views;
			sourceTree = "<group>";
		};
>>>>>>> Stashed changes
		A248AAC22B0AD3CB0073B679 /* Progress Indicator */ = {
			isa = PBXGroup;
			children = (
				A248AABE2B0AD39D0073B679 /* ProgressSpinnerDelegate.swift */,
				A248AAC02B0AD3B00073B679 /* ProgressSpinnerViewController.swift */,
			);
			path = "Progress Indicator";
			sourceTree = "<group>";
		};
		A248AB062B0ADC890073B679 /* Data Models */ = {
			isa = PBXGroup;
			children = (
				A248AB072B0ADC950073B679 /* User.swift */,
				54BFC6BE2B16731A0095C6FC /* Location.swift */,
			);
			path = "Data Models";
			sourceTree = "<group>";
		};
		A2A843452AF0A2350028DB72 = {
			isa = PBXGroup;
			children = (
				A2A843502AF0A2350028DB72 /* stroll */,
				A2A8434F2AF0A2350028DB72 /* Products */,
			);
			sourceTree = "<group>";
		};
		A2A8434F2AF0A2350028DB72 /* Products */ = {
			isa = PBXGroup;
			children = (
				A2A8434E2AF0A2350028DB72 /* stroll.app */,
			);
			name = Products;
			sourceTree = "<group>";
		};
		A2A843502AF0A2350028DB72 /* stroll */ = {
			isa = PBXGroup;
			children = (
				A2A843512AF0A2350028DB72 /* AppDelegate.swift */,
				A2A843532AF0A2350028DB72 /* SceneDelegate.swift */,
				A248AAFC2B0AD7BC0073B679 /* Configs.swift */,
				A2DC05832B0C286400415661 /* ImageViewUtils.swift */,
				A248AB062B0ADC890073B679 /* Data Models */,
				A2A843552AF0A2350028DB72 /* ViewController.swift */,
				A248AAC22B0AD3CB0073B679 /* Progress Indicator */,
				A2A843682AF0A6900028DB72 /* Welcome */,
				A2A8436D2AF0A6DE0028DB72 /* Login */,
				A2A8436F2AF0A6F00028DB72 /* Sign Up */,
				A2A843672AF0A2840028DB72 /* Homepage */,
				A2A843872AF0A7FD0028DB72 /* Journey */,
				A2A843862AF0A7E70028DB72 /* Leaderboard */,
				A2A843852AF0A7DF0028DB72 /* Profile */,
				A2A843572AF0A2350028DB72 /* Main.storyboard */,
				A2A8435A2AF0A2360028DB72 /* Assets.xcassets */,
				A2A8435F2AF0A2360028DB72 /* Info.plist */,
				A248AAC32B0AD6190073B679 /* GoogleService-Info.plist */,
			);
			path = stroll;
			sourceTree = "<group>";
		};
		A2A843672AF0A2840028DB72 /* Homepage */ = {
			isa = PBXGroup;
			children = (
				A2A843652AF0A2800028DB72 /* HomepageView.swift */,
				A22B3CA42AF17A9A003AB877 /* HomepageViewController.swift */,
			);
			path = Homepage;
			sourceTree = "<group>";
		};
		A2A843682AF0A6900028DB72 /* Welcome */ = {
			isa = PBXGroup;
			children = (
				A2A843692AF0A6B50028DB72 /* WelcomeView.swift */,
				A2A8436B2AF0A6C20028DB72 /* WelcomeViewController.swift */,
			);
			path = Welcome;
			sourceTree = "<group>";
		};
		A2A8436D2AF0A6DE0028DB72 /* Login */ = {
			isa = PBXGroup;
			children = (
				A2A843732AF0A7450028DB72 /* LoginView.swift */,
				A2A843702AF0A7260028DB72 /* LoginViewController.swift */,
				A248AAFE2B0AD9A00073B679 /* LoginFirebaseManager.swift */,
				A248AB002B0AD9AF0073B679 /* LoginProgressIndicatorManager.swift */,
			);
			path = Login;
			sourceTree = "<group>";
		};
		A2A8436F2AF0A6F00028DB72 /* Sign Up */ = {
			isa = PBXGroup;
			children = (
				A2A843752AF0A7500028DB72 /* SignUpView.swift */,
				A2A843772AF0A75A0028DB72 /* SignUpViewController.swift */,
				A248AB022B0ADB330073B679 /* SignUpFirebaseManager.swift */,
				A248AB092B0ADE6C0073B679 /* SignUpPhotoManager.swift */,
				A248AB042B0ADB4C0073B679 /* SignUpProgressIndicatorManager.swift */,
			);
			name = "Sign Up";
			path = "Welcome/Sign Up";
			sourceTree = "<group>";
		};
		A2A843852AF0A7DF0028DB72 /* Profile */ = {
			isa = PBXGroup;
			children = (
				A2A843832AF0A7D90028DB72 /* ProfileView.swift */,
				A2A8437D2AF0A7B50028DB72 /* ProfileViewController.swift */,
				A2839B7F2B1835E100940CBC /* ProfileProgressIndicatorManager.swift */,
			);
			path = Profile;
			sourceTree = "<group>";
		};
		A2A843862AF0A7E70028DB72 /* Leaderboard */ = {
			isa = PBXGroup;
			children = (
				A2A843812AF0A7D00028DB72 /* LeaderboardView.swift */,
				A2A8437B2AF0A7800028DB72 /* LeaderboardViewController.swift */,
				FD5D8EA42B06DD0B0004E0C2 /* Leader.swift */,
				FD5D8EA62B06DD660004E0C2 /* LeaderTableViewCell.swift */,
			);
			path = Leaderboard;
			sourceTree = "<group>";
		};
		A2A843872AF0A7FD0028DB72 /* Journey */ = {
			isa = PBXGroup;
			children = (
				A2A8437F2AF0A7C40028DB72 /* JourneyView.swift */,
				A2A843792AF0A7750028DB72 /* JourneyViewController.swift */,
				A28A2B142B0EBAEF00F908D6 /* Place.swift */,
				A28A2B162B0EBAFE00F908D6 /* MapViewDelegate.swift */,
				A28A2B182B0EBB0C00F908D6 /* LocationManagerDelegate.swift */,
			);
			path = Journey;
			sourceTree = "<group>";
		};
/* End PBXGroup section */

/* Begin PBXNativeTarget section */
		A2A8434D2AF0A2350028DB72 /* stroll */ = {
			isa = PBXNativeTarget;
			buildConfigurationList = A2A843622AF0A2360028DB72 /* Build configuration list for PBXNativeTarget "stroll" */;
			buildPhases = (
				A2A8434A2AF0A2350028DB72 /* Sources */,
				A2A8434B2AF0A2350028DB72 /* Frameworks */,
				A2A8434C2AF0A2350028DB72 /* Resources */,
			);
			buildRules = (
			);
			dependencies = (
			);
			name = stroll;
			packageProductDependencies = (
				A248AAC62B0AD79B0073B679 /* FirebaseAnalytics */,
				A248AAC82B0AD79B0073B679 /* FirebaseAnalyticsOnDeviceConversion */,
				A248AACA2B0AD79B0073B679 /* FirebaseAnalyticsSwift */,
				A248AACC2B0AD79B0073B679 /* FirebaseAnalyticsWithoutAdIdSupport */,
				A248AACE2B0AD79B0073B679 /* FirebaseAppCheck */,
				A248AAD02B0AD79B0073B679 /* FirebaseAppDistribution-Beta */,
				A248AAD22B0AD79B0073B679 /* FirebaseAuth */,
				A248AAD42B0AD79B0073B679 /* FirebaseAuthCombine-Community */,
				A248AAD62B0AD79B0073B679 /* FirebaseCrashlytics */,
				A248AAD82B0AD79B0073B679 /* FirebaseDatabase */,
				A248AADA2B0AD79B0073B679 /* FirebaseDatabaseSwift */,
				A248AADC2B0AD79B0073B679 /* FirebaseDynamicLinks */,
				A248AADE2B0AD79B0073B679 /* FirebaseFirestore */,
				A248AAE02B0AD79B0073B679 /* FirebaseFirestoreCombine-Community */,
				A248AAE22B0AD79B0073B679 /* FirebaseFirestoreSwift */,
				A248AAE42B0AD79B0073B679 /* FirebaseFunctions */,
				A248AAE62B0AD79B0073B679 /* FirebaseFunctionsCombine-Community */,
				A248AAE82B0AD79B0073B679 /* FirebaseInAppMessaging-Beta */,
				A248AAEA2B0AD79B0073B679 /* FirebaseInAppMessagingSwift-Beta */,
				A248AAEC2B0AD79B0073B679 /* FirebaseInstallations */,
				A248AAEE2B0AD79B0073B679 /* FirebaseMLModelDownloader */,
				A248AAF02B0AD79B0073B679 /* FirebaseMessaging */,
				A248AAF22B0AD79B0073B679 /* FirebasePerformance */,
				A248AAF42B0AD79B0073B679 /* FirebaseRemoteConfig */,
				A248AAF62B0AD79B0073B679 /* FirebaseRemoteConfigSwift */,
				A248AAF82B0AD79B0073B679 /* FirebaseStorage */,
				A248AAFA2B0AD79B0073B679 /* FirebaseStorageCombine-Community */,
			);
			productName = stroll;
			productReference = A2A8434E2AF0A2350028DB72 /* stroll.app */;
			productType = "com.apple.product-type.application";
		};
/* End PBXNativeTarget section */

/* Begin PBXProject section */
		A2A843462AF0A2350028DB72 /* Project object */ = {
			isa = PBXProject;
			attributes = {
				BuildIndependentTargetsInParallel = 1;
				LastSwiftUpdateCheck = 1500;
				LastUpgradeCheck = 1500;
				TargetAttributes = {
					A2A8434D2AF0A2350028DB72 = {
						CreatedOnToolsVersion = 15.0.1;
					};
				};
			};
			buildConfigurationList = A2A843492AF0A2350028DB72 /* Build configuration list for PBXProject "stroll" */;
			compatibilityVersion = "Xcode 14.0";
			developmentRegion = en;
			hasScannedForEncodings = 0;
			knownRegions = (
				en,
				Base,
			);
			mainGroup = A2A843452AF0A2350028DB72;
			packageReferences = (
				A248AAC52B0AD79B0073B679 /* XCRemoteSwiftPackageReference "firebase-ios-sdk" */,
			);
			productRefGroup = A2A8434F2AF0A2350028DB72 /* Products */;
			projectDirPath = "";
			projectRoot = "";
			targets = (
				A2A8434D2AF0A2350028DB72 /* stroll */,
			);
		};
/* End PBXProject section */

/* Begin PBXResourcesBuildPhase section */
		A2A8434C2AF0A2350028DB72 /* Resources */ = {
			isa = PBXResourcesBuildPhase;
			buildActionMask = 2147483647;
			files = (
				A248AAC42B0AD6190073B679 /* GoogleService-Info.plist in Resources */,
				A2A8435B2AF0A2360028DB72 /* Assets.xcassets in Resources */,
				A2A843592AF0A2350028DB72 /* Main.storyboard in Resources */,
			);
			runOnlyForDeploymentPostprocessing = 0;
		};
/* End PBXResourcesBuildPhase section */

/* Begin PBXSourcesBuildPhase section */
		A2A8434A2AF0A2350028DB72 /* Sources */ = {
			isa = PBXSourcesBuildPhase;
			buildActionMask = 2147483647;
			files = (
				FD5D8EA52B06DD0B0004E0C2 /* Leader.swift in Sources */,
				A2A843712AF0A7260028DB72 /* LoginViewController.swift in Sources */,
<<<<<<< Updated upstream
				A2839B802B1835E100940CBC /* ProfileProgressIndicatorManager.swift in Sources */,
=======
>>>>>>> Stashed changes
				A2A8436A2AF0A6B50028DB72 /* WelcomeView.swift in Sources */,
				A2A843562AF0A2350028DB72 /* ViewController.swift in Sources */,
				A2A843522AF0A2350028DB72 /* AppDelegate.swift in Sources */,
				A22B3CA52AF17A9A003AB877 /* HomepageViewController.swift in Sources */,
				A248AB032B0ADB330073B679 /* SignUpFirebaseManager.swift in Sources */,
				A2A843782AF0A75A0028DB72 /* SignUpViewController.swift in Sources */,
				A248AB082B0ADC950073B679 /* User.swift in Sources */,
				A2A843802AF0A7C40028DB72 /* JourneyView.swift in Sources */,
				A28A2B172B0EBAFE00F908D6 /* MapViewDelegate.swift in Sources */,
				A2A8436C2AF0A6C20028DB72 /* WelcomeViewController.swift in Sources */,
				A248AAC12B0AD3B00073B679 /* ProgressSpinnerViewController.swift in Sources */,
				A28A2B192B0EBB0C00F908D6 /* LocationManagerDelegate.swift in Sources */,
				A248AAFF2B0AD9A00073B679 /* LoginFirebaseManager.swift in Sources */,
				A2A843542AF0A2350028DB72 /* SceneDelegate.swift in Sources */,
				A2A843842AF0A7D90028DB72 /* ProfileView.swift in Sources */,
				A28A2B152B0EBAEF00F908D6 /* Place.swift in Sources */,
				A2A843742AF0A7450028DB72 /* LoginView.swift in Sources */,
				A2A843762AF0A7500028DB72 /* SignUpView.swift in Sources */,
				A2A843822AF0A7D00028DB72 /* LeaderboardView.swift in Sources */,
				A248AB012B0AD9AF0073B679 /* LoginProgressIndicatorManager.swift in Sources */,
				A248AAFD2B0AD7BC0073B679 /* Configs.swift in Sources */,
				A248AB0A2B0ADE6C0073B679 /* SignUpPhotoManager.swift in Sources */,
				A2A8437A2AF0A7750028DB72 /* JourneyViewController.swift in Sources */,
				A248AB052B0ADB4C0073B679 /* SignUpProgressIndicatorManager.swift in Sources */,
				A2A8437E2AF0A7B60028DB72 /* ProfileViewController.swift in Sources */,
				A2A8437C2AF0A7800028DB72 /* LeaderboardViewController.swift in Sources */,
				FD5D8EA72B06DD660004E0C2 /* LeaderTableViewCell.swift in Sources */,
				54BFC6BF2B16731A0095C6FC /* Location.swift in Sources */,
				A2A843662AF0A2800028DB72 /* HomepageView.swift in Sources */,
				A248AABF2B0AD39D0073B679 /* ProgressSpinnerDelegate.swift in Sources */,
				A2DC05842B0C286400415661 /* ImageViewUtils.swift in Sources */,
			);
			runOnlyForDeploymentPostprocessing = 0;
		};
/* End PBXSourcesBuildPhase section */

/* Begin PBXVariantGroup section */
		A2A843572AF0A2350028DB72 /* Main.storyboard */ = {
			isa = PBXVariantGroup;
			children = (
				A2A843582AF0A2350028DB72 /* Base */,
			);
			name = Main.storyboard;
			sourceTree = "<group>";
		};
/* End PBXVariantGroup section */

/* Begin XCBuildConfiguration section */
		A2A843602AF0A2360028DB72 /* Debug */ = {
			isa = XCBuildConfiguration;
			buildSettings = {
				ALWAYS_SEARCH_USER_PATHS = NO;
				ASSETCATALOG_COMPILER_GENERATE_SWIFT_ASSET_SYMBOL_EXTENSIONS = YES;
				CLANG_ANALYZER_NONNULL = YES;
				CLANG_ANALYZER_NUMBER_OBJECT_CONVERSION = YES_AGGRESSIVE;
				CLANG_CXX_LANGUAGE_STANDARD = "gnu++20";
				CLANG_ENABLE_MODULES = YES;
				CLANG_ENABLE_OBJC_ARC = YES;
				CLANG_ENABLE_OBJC_WEAK = YES;
				CLANG_WARN_BLOCK_CAPTURE_AUTORELEASING = YES;
				CLANG_WARN_BOOL_CONVERSION = YES;
				CLANG_WARN_COMMA = YES;
				CLANG_WARN_CONSTANT_CONVERSION = YES;
				CLANG_WARN_DEPRECATED_OBJC_IMPLEMENTATIONS = YES;
				CLANG_WARN_DIRECT_OBJC_ISA_USAGE = YES_ERROR;
				CLANG_WARN_DOCUMENTATION_COMMENTS = YES;
				CLANG_WARN_EMPTY_BODY = YES;
				CLANG_WARN_ENUM_CONVERSION = YES;
				CLANG_WARN_INFINITE_RECURSION = YES;
				CLANG_WARN_INT_CONVERSION = YES;
				CLANG_WARN_NON_LITERAL_NULL_CONVERSION = YES;
				CLANG_WARN_OBJC_IMPLICIT_RETAIN_SELF = YES;
				CLANG_WARN_OBJC_LITERAL_CONVERSION = YES;
				CLANG_WARN_OBJC_ROOT_CLASS = YES_ERROR;
				CLANG_WARN_QUOTED_INCLUDE_IN_FRAMEWORK_HEADER = YES;
				CLANG_WARN_RANGE_LOOP_ANALYSIS = YES;
				CLANG_WARN_STRICT_PROTOTYPES = YES;
				CLANG_WARN_SUSPICIOUS_MOVE = YES;
				CLANG_WARN_UNGUARDED_AVAILABILITY = YES_AGGRESSIVE;
				CLANG_WARN_UNREACHABLE_CODE = YES;
				CLANG_WARN__DUPLICATE_METHOD_MATCH = YES;
				COPY_PHASE_STRIP = NO;
				DEBUG_INFORMATION_FORMAT = dwarf;
				ENABLE_STRICT_OBJC_MSGSEND = YES;
				ENABLE_TESTABILITY = YES;
				ENABLE_USER_SCRIPT_SANDBOXING = YES;
				GCC_C_LANGUAGE_STANDARD = gnu17;
				GCC_DYNAMIC_NO_PIC = NO;
				GCC_NO_COMMON_BLOCKS = YES;
				GCC_OPTIMIZATION_LEVEL = 0;
				GCC_PREPROCESSOR_DEFINITIONS = (
					"DEBUG=1",
					"$(inherited)",
				);
				GCC_WARN_64_TO_32_BIT_CONVERSION = YES;
				GCC_WARN_ABOUT_RETURN_TYPE = YES_ERROR;
				GCC_WARN_UNDECLARED_SELECTOR = YES;
				GCC_WARN_UNINITIALIZED_AUTOS = YES_AGGRESSIVE;
				GCC_WARN_UNUSED_FUNCTION = YES;
				GCC_WARN_UNUSED_VARIABLE = YES;
				IPHONEOS_DEPLOYMENT_TARGET = 17.0;
				LOCALIZATION_PREFERS_STRING_CATALOGS = YES;
				MTL_ENABLE_DEBUG_INFO = INCLUDE_SOURCE;
				MTL_FAST_MATH = YES;
				ONLY_ACTIVE_ARCH = YES;
				SDKROOT = iphoneos;
				SWIFT_ACTIVE_COMPILATION_CONDITIONS = "DEBUG $(inherited)";
				SWIFT_OPTIMIZATION_LEVEL = "-Onone";
			};
			name = Debug;
		};
		A2A843612AF0A2360028DB72 /* Release */ = {
			isa = XCBuildConfiguration;
			buildSettings = {
				ALWAYS_SEARCH_USER_PATHS = NO;
				ASSETCATALOG_COMPILER_GENERATE_SWIFT_ASSET_SYMBOL_EXTENSIONS = YES;
				CLANG_ANALYZER_NONNULL = YES;
				CLANG_ANALYZER_NUMBER_OBJECT_CONVERSION = YES_AGGRESSIVE;
				CLANG_CXX_LANGUAGE_STANDARD = "gnu++20";
				CLANG_ENABLE_MODULES = YES;
				CLANG_ENABLE_OBJC_ARC = YES;
				CLANG_ENABLE_OBJC_WEAK = YES;
				CLANG_WARN_BLOCK_CAPTURE_AUTORELEASING = YES;
				CLANG_WARN_BOOL_CONVERSION = YES;
				CLANG_WARN_COMMA = YES;
				CLANG_WARN_CONSTANT_CONVERSION = YES;
				CLANG_WARN_DEPRECATED_OBJC_IMPLEMENTATIONS = YES;
				CLANG_WARN_DIRECT_OBJC_ISA_USAGE = YES_ERROR;
				CLANG_WARN_DOCUMENTATION_COMMENTS = YES;
				CLANG_WARN_EMPTY_BODY = YES;
				CLANG_WARN_ENUM_CONVERSION = YES;
				CLANG_WARN_INFINITE_RECURSION = YES;
				CLANG_WARN_INT_CONVERSION = YES;
				CLANG_WARN_NON_LITERAL_NULL_CONVERSION = YES;
				CLANG_WARN_OBJC_IMPLICIT_RETAIN_SELF = YES;
				CLANG_WARN_OBJC_LITERAL_CONVERSION = YES;
				CLANG_WARN_OBJC_ROOT_CLASS = YES_ERROR;
				CLANG_WARN_QUOTED_INCLUDE_IN_FRAMEWORK_HEADER = YES;
				CLANG_WARN_RANGE_LOOP_ANALYSIS = YES;
				CLANG_WARN_STRICT_PROTOTYPES = YES;
				CLANG_WARN_SUSPICIOUS_MOVE = YES;
				CLANG_WARN_UNGUARDED_AVAILABILITY = YES_AGGRESSIVE;
				CLANG_WARN_UNREACHABLE_CODE = YES;
				CLANG_WARN__DUPLICATE_METHOD_MATCH = YES;
				COPY_PHASE_STRIP = NO;
				DEBUG_INFORMATION_FORMAT = "dwarf-with-dsym";
				ENABLE_NS_ASSERTIONS = NO;
				ENABLE_STRICT_OBJC_MSGSEND = YES;
				ENABLE_USER_SCRIPT_SANDBOXING = YES;
				GCC_C_LANGUAGE_STANDARD = gnu17;
				GCC_NO_COMMON_BLOCKS = YES;
				GCC_WARN_64_TO_32_BIT_CONVERSION = YES;
				GCC_WARN_ABOUT_RETURN_TYPE = YES_ERROR;
				GCC_WARN_UNDECLARED_SELECTOR = YES;
				GCC_WARN_UNINITIALIZED_AUTOS = YES_AGGRESSIVE;
				GCC_WARN_UNUSED_FUNCTION = YES;
				GCC_WARN_UNUSED_VARIABLE = YES;
				IPHONEOS_DEPLOYMENT_TARGET = 17.0;
				LOCALIZATION_PREFERS_STRING_CATALOGS = YES;
				MTL_ENABLE_DEBUG_INFO = NO;
				MTL_FAST_MATH = YES;
				SDKROOT = iphoneos;
				SWIFT_COMPILATION_MODE = wholemodule;
				VALIDATE_PRODUCT = YES;
			};
			name = Release;
		};
		A2A843632AF0A2360028DB72 /* Debug */ = {
			isa = XCBuildConfiguration;
			buildSettings = {
				ASSETCATALOG_COMPILER_APPICON_NAME = AppIcon;
				ASSETCATALOG_COMPILER_GLOBAL_ACCENT_COLOR_NAME = AccentColor;
				CODE_SIGN_STYLE = Automatic;
				CURRENT_PROJECT_VERSION = 1;
				DEVELOPMENT_TEAM = 49HY39GT2B;
				GENERATE_INFOPLIST_FILE = YES;
				INFOPLIST_FILE = stroll/Info.plist;
				INFOPLIST_KEY_CFBundleDisplayName = stroll;
				INFOPLIST_KEY_LSApplicationCategoryType = "public.app-category.healthcare-fitness";
				INFOPLIST_KEY_UIApplicationSupportsIndirectInputEvents = YES;
				INFOPLIST_KEY_UILaunchStoryboardName = LaunchScreen;
				INFOPLIST_KEY_UIMainStoryboardFile = Main;
				INFOPLIST_KEY_UISupportedInterfaceOrientations = "UIInterfaceOrientationLandscapeLeft UIInterfaceOrientationLandscapeRight UIInterfaceOrientationPortrait";
				INFOPLIST_KEY_UISupportedInterfaceOrientations_iPad = "UIInterfaceOrientationLandscapeLeft UIInterfaceOrientationLandscapeRight UIInterfaceOrientationPortrait UIInterfaceOrientationPortraitUpsideDown";
				LD_RUNPATH_SEARCH_PATHS = (
					"$(inherited)",
					"@executable_path/Frameworks",
				);
				MARKETING_VERSION = 1.0;
				PRODUCT_BUNDLE_IDENTIFIER = com.chapinalf.stroll;
				PRODUCT_NAME = "$(TARGET_NAME)";
				SWIFT_EMIT_LOC_STRINGS = YES;
				SWIFT_VERSION = 5.0;
				TARGETED_DEVICE_FAMILY = "1,2";
			};
			name = Debug;
		};
		A2A843642AF0A2360028DB72 /* Release */ = {
			isa = XCBuildConfiguration;
			buildSettings = {
				ASSETCATALOG_COMPILER_APPICON_NAME = AppIcon;
				ASSETCATALOG_COMPILER_GLOBAL_ACCENT_COLOR_NAME = AccentColor;
				CODE_SIGN_STYLE = Automatic;
				CURRENT_PROJECT_VERSION = 1;
				DEVELOPMENT_TEAM = 49HY39GT2B;
				GENERATE_INFOPLIST_FILE = YES;
				INFOPLIST_FILE = stroll/Info.plist;
				INFOPLIST_KEY_CFBundleDisplayName = stroll;
				INFOPLIST_KEY_LSApplicationCategoryType = "public.app-category.healthcare-fitness";
				INFOPLIST_KEY_UIApplicationSupportsIndirectInputEvents = YES;
				INFOPLIST_KEY_UILaunchStoryboardName = LaunchScreen;
				INFOPLIST_KEY_UIMainStoryboardFile = Main;
				INFOPLIST_KEY_UISupportedInterfaceOrientations = "UIInterfaceOrientationLandscapeLeft UIInterfaceOrientationLandscapeRight UIInterfaceOrientationPortrait";
				INFOPLIST_KEY_UISupportedInterfaceOrientations_iPad = "UIInterfaceOrientationLandscapeLeft UIInterfaceOrientationLandscapeRight UIInterfaceOrientationPortrait UIInterfaceOrientationPortraitUpsideDown";
				LD_RUNPATH_SEARCH_PATHS = (
					"$(inherited)",
					"@executable_path/Frameworks",
				);
				MARKETING_VERSION = 1.0;
				PRODUCT_BUNDLE_IDENTIFIER = com.chapinalf.stroll;
				PRODUCT_NAME = "$(TARGET_NAME)";
				SWIFT_EMIT_LOC_STRINGS = YES;
				SWIFT_VERSION = 5.0;
				TARGETED_DEVICE_FAMILY = "1,2";
			};
			name = Release;
		};
/* End XCBuildConfiguration section */

/* Begin XCConfigurationList section */
		A2A843492AF0A2350028DB72 /* Build configuration list for PBXProject "stroll" */ = {
			isa = XCConfigurationList;
			buildConfigurations = (
				A2A843602AF0A2360028DB72 /* Debug */,
				A2A843612AF0A2360028DB72 /* Release */,
			);
			defaultConfigurationIsVisible = 0;
			defaultConfigurationName = Release;
		};
		A2A843622AF0A2360028DB72 /* Build configuration list for PBXNativeTarget "stroll" */ = {
			isa = XCConfigurationList;
			buildConfigurations = (
				A2A843632AF0A2360028DB72 /* Debug */,
				A2A843642AF0A2360028DB72 /* Release */,
			);
			defaultConfigurationIsVisible = 0;
			defaultConfigurationName = Release;
		};
/* End XCConfigurationList section */

/* Begin XCRemoteSwiftPackageReference section */
		A248AAC52B0AD79B0073B679 /* XCRemoteSwiftPackageReference "firebase-ios-sdk" */ = {
			isa = XCRemoteSwiftPackageReference;
			repositoryURL = "https://github.com/firebase/firebase-ios-sdk";
			requirement = {
				kind = upToNextMajorVersion;
				minimumVersion = 10.18.0;
			};
		};
/* End XCRemoteSwiftPackageReference section */

/* Begin XCSwiftPackageProductDependency section */
		A248AAC62B0AD79B0073B679 /* FirebaseAnalytics */ = {
			isa = XCSwiftPackageProductDependency;
			package = A248AAC52B0AD79B0073B679 /* XCRemoteSwiftPackageReference "firebase-ios-sdk" */;
			productName = FirebaseAnalytics;
		};
		A248AAC82B0AD79B0073B679 /* FirebaseAnalyticsOnDeviceConversion */ = {
			isa = XCSwiftPackageProductDependency;
			package = A248AAC52B0AD79B0073B679 /* XCRemoteSwiftPackageReference "firebase-ios-sdk" */;
			productName = FirebaseAnalyticsOnDeviceConversion;
		};
		A248AACA2B0AD79B0073B679 /* FirebaseAnalyticsSwift */ = {
			isa = XCSwiftPackageProductDependency;
			package = A248AAC52B0AD79B0073B679 /* XCRemoteSwiftPackageReference "firebase-ios-sdk" */;
			productName = FirebaseAnalyticsSwift;
		};
		A248AACC2B0AD79B0073B679 /* FirebaseAnalyticsWithoutAdIdSupport */ = {
			isa = XCSwiftPackageProductDependency;
			package = A248AAC52B0AD79B0073B679 /* XCRemoteSwiftPackageReference "firebase-ios-sdk" */;
			productName = FirebaseAnalyticsWithoutAdIdSupport;
		};
		A248AACE2B0AD79B0073B679 /* FirebaseAppCheck */ = {
			isa = XCSwiftPackageProductDependency;
			package = A248AAC52B0AD79B0073B679 /* XCRemoteSwiftPackageReference "firebase-ios-sdk" */;
			productName = FirebaseAppCheck;
		};
		A248AAD02B0AD79B0073B679 /* FirebaseAppDistribution-Beta */ = {
			isa = XCSwiftPackageProductDependency;
			package = A248AAC52B0AD79B0073B679 /* XCRemoteSwiftPackageReference "firebase-ios-sdk" */;
			productName = "FirebaseAppDistribution-Beta";
		};
		A248AAD22B0AD79B0073B679 /* FirebaseAuth */ = {
			isa = XCSwiftPackageProductDependency;
			package = A248AAC52B0AD79B0073B679 /* XCRemoteSwiftPackageReference "firebase-ios-sdk" */;
			productName = FirebaseAuth;
		};
		A248AAD42B0AD79B0073B679 /* FirebaseAuthCombine-Community */ = {
			isa = XCSwiftPackageProductDependency;
			package = A248AAC52B0AD79B0073B679 /* XCRemoteSwiftPackageReference "firebase-ios-sdk" */;
			productName = "FirebaseAuthCombine-Community";
		};
		A248AAD62B0AD79B0073B679 /* FirebaseCrashlytics */ = {
			isa = XCSwiftPackageProductDependency;
			package = A248AAC52B0AD79B0073B679 /* XCRemoteSwiftPackageReference "firebase-ios-sdk" */;
			productName = FirebaseCrashlytics;
		};
		A248AAD82B0AD79B0073B679 /* FirebaseDatabase */ = {
			isa = XCSwiftPackageProductDependency;
			package = A248AAC52B0AD79B0073B679 /* XCRemoteSwiftPackageReference "firebase-ios-sdk" */;
			productName = FirebaseDatabase;
		};
		A248AADA2B0AD79B0073B679 /* FirebaseDatabaseSwift */ = {
			isa = XCSwiftPackageProductDependency;
			package = A248AAC52B0AD79B0073B679 /* XCRemoteSwiftPackageReference "firebase-ios-sdk" */;
			productName = FirebaseDatabaseSwift;
		};
		A248AADC2B0AD79B0073B679 /* FirebaseDynamicLinks */ = {
			isa = XCSwiftPackageProductDependency;
			package = A248AAC52B0AD79B0073B679 /* XCRemoteSwiftPackageReference "firebase-ios-sdk" */;
			productName = FirebaseDynamicLinks;
		};
		A248AADE2B0AD79B0073B679 /* FirebaseFirestore */ = {
			isa = XCSwiftPackageProductDependency;
			package = A248AAC52B0AD79B0073B679 /* XCRemoteSwiftPackageReference "firebase-ios-sdk" */;
			productName = FirebaseFirestore;
		};
		A248AAE02B0AD79B0073B679 /* FirebaseFirestoreCombine-Community */ = {
			isa = XCSwiftPackageProductDependency;
			package = A248AAC52B0AD79B0073B679 /* XCRemoteSwiftPackageReference "firebase-ios-sdk" */;
			productName = "FirebaseFirestoreCombine-Community";
		};
		A248AAE22B0AD79B0073B679 /* FirebaseFirestoreSwift */ = {
			isa = XCSwiftPackageProductDependency;
			package = A248AAC52B0AD79B0073B679 /* XCRemoteSwiftPackageReference "firebase-ios-sdk" */;
			productName = FirebaseFirestoreSwift;
		};
		A248AAE42B0AD79B0073B679 /* FirebaseFunctions */ = {
			isa = XCSwiftPackageProductDependency;
			package = A248AAC52B0AD79B0073B679 /* XCRemoteSwiftPackageReference "firebase-ios-sdk" */;
			productName = FirebaseFunctions;
		};
		A248AAE62B0AD79B0073B679 /* FirebaseFunctionsCombine-Community */ = {
			isa = XCSwiftPackageProductDependency;
			package = A248AAC52B0AD79B0073B679 /* XCRemoteSwiftPackageReference "firebase-ios-sdk" */;
			productName = "FirebaseFunctionsCombine-Community";
		};
		A248AAE82B0AD79B0073B679 /* FirebaseInAppMessaging-Beta */ = {
			isa = XCSwiftPackageProductDependency;
			package = A248AAC52B0AD79B0073B679 /* XCRemoteSwiftPackageReference "firebase-ios-sdk" */;
			productName = "FirebaseInAppMessaging-Beta";
		};
		A248AAEA2B0AD79B0073B679 /* FirebaseInAppMessagingSwift-Beta */ = {
			isa = XCSwiftPackageProductDependency;
			package = A248AAC52B0AD79B0073B679 /* XCRemoteSwiftPackageReference "firebase-ios-sdk" */;
			productName = "FirebaseInAppMessagingSwift-Beta";
		};
		A248AAEC2B0AD79B0073B679 /* FirebaseInstallations */ = {
			isa = XCSwiftPackageProductDependency;
			package = A248AAC52B0AD79B0073B679 /* XCRemoteSwiftPackageReference "firebase-ios-sdk" */;
			productName = FirebaseInstallations;
		};
		A248AAEE2B0AD79B0073B679 /* FirebaseMLModelDownloader */ = {
			isa = XCSwiftPackageProductDependency;
			package = A248AAC52B0AD79B0073B679 /* XCRemoteSwiftPackageReference "firebase-ios-sdk" */;
			productName = FirebaseMLModelDownloader;
		};
		A248AAF02B0AD79B0073B679 /* FirebaseMessaging */ = {
			isa = XCSwiftPackageProductDependency;
			package = A248AAC52B0AD79B0073B679 /* XCRemoteSwiftPackageReference "firebase-ios-sdk" */;
			productName = FirebaseMessaging;
		};
		A248AAF22B0AD79B0073B679 /* FirebasePerformance */ = {
			isa = XCSwiftPackageProductDependency;
			package = A248AAC52B0AD79B0073B679 /* XCRemoteSwiftPackageReference "firebase-ios-sdk" */;
			productName = FirebasePerformance;
		};
		A248AAF42B0AD79B0073B679 /* FirebaseRemoteConfig */ = {
			isa = XCSwiftPackageProductDependency;
			package = A248AAC52B0AD79B0073B679 /* XCRemoteSwiftPackageReference "firebase-ios-sdk" */;
			productName = FirebaseRemoteConfig;
		};
		A248AAF62B0AD79B0073B679 /* FirebaseRemoteConfigSwift */ = {
			isa = XCSwiftPackageProductDependency;
			package = A248AAC52B0AD79B0073B679 /* XCRemoteSwiftPackageReference "firebase-ios-sdk" */;
			productName = FirebaseRemoteConfigSwift;
		};
		A248AAF82B0AD79B0073B679 /* FirebaseStorage */ = {
			isa = XCSwiftPackageProductDependency;
			package = A248AAC52B0AD79B0073B679 /* XCRemoteSwiftPackageReference "firebase-ios-sdk" */;
			productName = FirebaseStorage;
		};
		A248AAFA2B0AD79B0073B679 /* FirebaseStorageCombine-Community */ = {
			isa = XCSwiftPackageProductDependency;
			package = A248AAC52B0AD79B0073B679 /* XCRemoteSwiftPackageReference "firebase-ios-sdk" */;
			productName = "FirebaseStorageCombine-Community";
		};
/* End XCSwiftPackageProductDependency section */
	};
	rootObject = A2A843462AF0A2350028DB72 /* Project object */;
}
