// !$*UTF8*$!
{
	archiveVersion = 1;
	classes = {
	};
	objectVersion = 56;
	objects = {

/* Begin PBXBuildFile section */
		A22B3CA52AF17A9A003AB877 /* HomepageViewController.swift in Sources */ = {isa = PBXBuildFile; fileRef = A22B3CA42AF17A9A003AB877 /* HomepageViewController.swift */; };
		A2A843522AF0A2350028DB72 /* AppDelegate.swift in Sources */ = {isa = PBXBuildFile; fileRef = A2A843512AF0A2350028DB72 /* AppDelegate.swift */; };
		A2A843542AF0A2350028DB72 /* SceneDelegate.swift in Sources */ = {isa = PBXBuildFile; fileRef = A2A843532AF0A2350028DB72 /* SceneDelegate.swift */; };
		A2A843562AF0A2350028DB72 /* ViewController.swift in Sources */ = {isa = PBXBuildFile; fileRef = A2A843552AF0A2350028DB72 /* ViewController.swift */; };
		A2A843592AF0A2350028DB72 /* Main.storyboard in Resources */ = {isa = PBXBuildFile; fileRef = A2A843572AF0A2350028DB72 /* Main.storyboard */; };
		A2A8435B2AF0A2360028DB72 /* Assets.xcassets in Resources */ = {isa = PBXBuildFile; fileRef = A2A8435A2AF0A2360028DB72 /* Assets.xcassets */; };
		A2A8435E2AF0A2360028DB72 /* LaunchScreen.storyboard in Resources */ = {isa = PBXBuildFile; fileRef = A2A8435C2AF0A2360028DB72 /* LaunchScreen.storyboard */; };
		A2A843662AF0A2800028DB72 /* HomepageView.swift in Sources */ = {isa = PBXBuildFile; fileRef = A2A843652AF0A2800028DB72 /* HomepageView.swift */; };
		A2A8436A2AF0A6B50028DB72 /* WelcomeView.swift in Sources */ = {isa = PBXBuildFile; fileRef = A2A843692AF0A6B50028DB72 /* WelcomeView.swift */; };
		A2A8436C2AF0A6C20028DB72 /* WelcomeViewController.swift in Sources */ = {isa = PBXBuildFile; fileRef = A2A8436B2AF0A6C20028DB72 /* WelcomeViewController.swift */; };
		A2A843712AF0A7260028DB72 /* LoginViewController.swift in Sources */ = {isa = PBXBuildFile; fileRef = A2A843702AF0A7260028DB72 /* LoginViewController.swift */; };
		A2A843742AF0A7450028DB72 /* LoginView.swift in Sources */ = {isa = PBXBuildFile; fileRef = A2A843732AF0A7450028DB72 /* LoginView.swift */; };
		A2A843762AF0A7500028DB72 /* SignUpView.swift in Sources */ = {isa = PBXBuildFile; fileRef = A2A843752AF0A7500028DB72 /* SignUpView.swift */; };
		A2A843782AF0A75A0028DB72 /* SignUpViewController.swift in Sources */ = {isa = PBXBuildFile; fileRef = A2A843772AF0A75A0028DB72 /* SignUpViewController.swift */; };
		A2A8437A2AF0A7750028DB72 /* JourneyViewController.swift in Sources */ = {isa = PBXBuildFile; fileRef = A2A843792AF0A7750028DB72 /* JourneyViewController.swift */; };
		A2A8437C2AF0A7800028DB72 /* LeaderboardViewController.swift in Sources */ = {isa = PBXBuildFile; fileRef = A2A8437B2AF0A7800028DB72 /* LeaderboardViewController.swift */; };
		A2A8437E2AF0A7B60028DB72 /* ProfileViewController.swift in Sources */ = {isa = PBXBuildFile; fileRef = A2A8437D2AF0A7B50028DB72 /* ProfileViewController.swift */; };
		A2A843802AF0A7C40028DB72 /* JourneyView.swift in Sources */ = {isa = PBXBuildFile; fileRef = A2A8437F2AF0A7C40028DB72 /* JourneyView.swift */; };
		A2A843822AF0A7D00028DB72 /* LeaderboardView.swift in Sources */ = {isa = PBXBuildFile; fileRef = A2A843812AF0A7D00028DB72 /* LeaderboardView.swift */; };
		A2A843842AF0A7D90028DB72 /* ProfileView.swift in Sources */ = {isa = PBXBuildFile; fileRef = A2A843832AF0A7D90028DB72 /* ProfileView.swift */; };
		A2D614552AF43E73004900B8 /* EditProfileViewController.swift in Sources */ = {isa = PBXBuildFile; fileRef = A2D614542AF43E73004900B8 /* EditProfileViewController.swift */; };
		A2D614572AF43E85004900B8 /* EditProfileView.swift in Sources */ = {isa = PBXBuildFile; fileRef = A2D614562AF43E85004900B8 /* EditProfileView.swift */; };
/* End PBXBuildFile section */

/* Begin PBXFileReference section */
		A22B3CA42AF17A9A003AB877 /* HomepageViewController.swift */ = {isa = PBXFileReference; lastKnownFileType = sourcecode.swift; path = HomepageViewController.swift; sourceTree = "<group>"; };
		A2A8434E2AF0A2350028DB72 /* stroll.app */ = {isa = PBXFileReference; explicitFileType = wrapper.application; includeInIndex = 0; path = stroll.app; sourceTree = BUILT_PRODUCTS_DIR; };
		A2A843512AF0A2350028DB72 /* AppDelegate.swift */ = {isa = PBXFileReference; lastKnownFileType = sourcecode.swift; path = AppDelegate.swift; sourceTree = "<group>"; };
		A2A843532AF0A2350028DB72 /* SceneDelegate.swift */ = {isa = PBXFileReference; lastKnownFileType = sourcecode.swift; path = SceneDelegate.swift; sourceTree = "<group>"; };
		A2A843552AF0A2350028DB72 /* ViewController.swift */ = {isa = PBXFileReference; lastKnownFileType = sourcecode.swift; path = ViewController.swift; sourceTree = "<group>"; };
		A2A843582AF0A2350028DB72 /* Base */ = {isa = PBXFileReference; lastKnownFileType = file.storyboard; name = Base; path = Base.lproj/Main.storyboard; sourceTree = "<group>"; };
		A2A8435A2AF0A2360028DB72 /* Assets.xcassets */ = {isa = PBXFileReference; lastKnownFileType = folder.assetcatalog; path = Assets.xcassets; sourceTree = "<group>"; };
		A2A8435D2AF0A2360028DB72 /* Base */ = {isa = PBXFileReference; lastKnownFileType = file.storyboard; name = Base; path = Base.lproj/LaunchScreen.storyboard; sourceTree = "<group>"; };
		A2A8435F2AF0A2360028DB72 /* Info.plist */ = {isa = PBXFileReference; lastKnownFileType = text.plist.xml; path = Info.plist; sourceTree = "<group>"; };
		A2A843652AF0A2800028DB72 /* HomepageView.swift */ = {isa = PBXFileReference; lastKnownFileType = sourcecode.swift; path = HomepageView.swift; sourceTree = "<group>"; };
		A2A843692AF0A6B50028DB72 /* WelcomeView.swift */ = {isa = PBXFileReference; lastKnownFileType = sourcecode.swift; path = WelcomeView.swift; sourceTree = "<group>"; };
		A2A8436B2AF0A6C20028DB72 /* WelcomeViewController.swift */ = {isa = PBXFileReference; lastKnownFileType = sourcecode.swift; path = WelcomeViewController.swift; sourceTree = "<group>"; };
		A2A843702AF0A7260028DB72 /* LoginViewController.swift */ = {isa = PBXFileReference; lastKnownFileType = sourcecode.swift; path = LoginViewController.swift; sourceTree = "<group>"; };
		A2A843732AF0A7450028DB72 /* LoginView.swift */ = {isa = PBXFileReference; lastKnownFileType = sourcecode.swift; path = LoginView.swift; sourceTree = "<group>"; };
		A2A843752AF0A7500028DB72 /* SignUpView.swift */ = {isa = PBXFileReference; lastKnownFileType = sourcecode.swift; path = SignUpView.swift; sourceTree = "<group>"; };
		A2A843772AF0A75A0028DB72 /* SignUpViewController.swift */ = {isa = PBXFileReference; lastKnownFileType = sourcecode.swift; path = SignUpViewController.swift; sourceTree = "<group>"; };
		A2A843792AF0A7750028DB72 /* JourneyViewController.swift */ = {isa = PBXFileReference; lastKnownFileType = sourcecode.swift; path = JourneyViewController.swift; sourceTree = "<group>"; };
		A2A8437B2AF0A7800028DB72 /* LeaderboardViewController.swift */ = {isa = PBXFileReference; lastKnownFileType = sourcecode.swift; path = LeaderboardViewController.swift; sourceTree = "<group>"; };
		A2A8437D2AF0A7B50028DB72 /* ProfileViewController.swift */ = {isa = PBXFileReference; lastKnownFileType = sourcecode.swift; path = ProfileViewController.swift; sourceTree = "<group>"; };
		A2A8437F2AF0A7C40028DB72 /* JourneyView.swift */ = {isa = PBXFileReference; lastKnownFileType = sourcecode.swift; path = JourneyView.swift; sourceTree = "<group>"; };
		A2A843812AF0A7D00028DB72 /* LeaderboardView.swift */ = {isa = PBXFileReference; lastKnownFileType = sourcecode.swift; path = LeaderboardView.swift; sourceTree = "<group>"; };
		A2A843832AF0A7D90028DB72 /* ProfileView.swift */ = {isa = PBXFileReference; lastKnownFileType = sourcecode.swift; path = ProfileView.swift; sourceTree = "<group>"; };
		A2D614542AF43E73004900B8 /* EditProfileViewController.swift */ = {isa = PBXFileReference; lastKnownFileType = sourcecode.swift; path = EditProfileViewController.swift; sourceTree = "<group>"; };
		A2D614562AF43E85004900B8 /* EditProfileView.swift */ = {isa = PBXFileReference; lastKnownFileType = sourcecode.swift; path = EditProfileView.swift; sourceTree = "<group>"; };
/* End PBXFileReference section */

/* Begin PBXFrameworksBuildPhase section */
		A2A8434B2AF0A2350028DB72 /* Frameworks */ = {
			isa = PBXFrameworksBuildPhase;
			buildActionMask = 2147483647;
			files = (
			);
			runOnlyForDeploymentPostprocessing = 0;
		};
/* End PBXFrameworksBuildPhase section */

/* Begin PBXGroup section */
		A2A843452AF0A2350028DB72 = {
			isa = PBXGroup;
			children = (
				A2A843502AF0A2350028DB72 /* stroll */,
				A2A8434F2AF0A2350028DB72 /* Products */,
			);
			sourceTree = "<group>";
		};
		A2A8434F2AF0A2350028DB72 /* Products */ = {
			isa = PBXGroup;
			children = (
				A2A8434E2AF0A2350028DB72 /* stroll.app */,
			);
			name = Products;
			sourceTree = "<group>";
		};
		A2A843502AF0A2350028DB72 /* stroll */ = {
			isa = PBXGroup;
			children = (
				A2A843512AF0A2350028DB72 /* AppDelegate.swift */,
				A2A843532AF0A2350028DB72 /* SceneDelegate.swift */,
				A2A843552AF0A2350028DB72 /* ViewController.swift */,
				A2A843682AF0A6900028DB72 /* Welcome */,
				A2A8436D2AF0A6DE0028DB72 /* Login */,
				A2A8436F2AF0A6F00028DB72 /* Sign Up */,
				A2A843672AF0A2840028DB72 /* Homepage */,
				A2A843872AF0A7FD0028DB72 /* Journey */,
				A2A843862AF0A7E70028DB72 /* Leaderboard */,
				A2A843852AF0A7DF0028DB72 /* Profile */,
				A2D614532AF43E54004900B8 /* Edit Profile */,
				A2A843572AF0A2350028DB72 /* Main.storyboard */,
				A2A8435A2AF0A2360028DB72 /* Assets.xcassets */,
				A2A8435C2AF0A2360028DB72 /* LaunchScreen.storyboard */,
				A2A8435F2AF0A2360028DB72 /* Info.plist */,
			);
			path = stroll;
			sourceTree = "<group>";
		};
		A2A843672AF0A2840028DB72 /* Homepage */ = {
			isa = PBXGroup;
			children = (
				A2A843652AF0A2800028DB72 /* HomepageView.swift */,
				A22B3CA42AF17A9A003AB877 /* HomepageViewController.swift */,
			);
			path = Homepage;
			sourceTree = "<group>";
		};
		A2A843682AF0A6900028DB72 /* Welcome */ = {
			isa = PBXGroup;
			children = (
				A2A843692AF0A6B50028DB72 /* WelcomeView.swift */,
				A2A8436B2AF0A6C20028DB72 /* WelcomeViewController.swift */,
			);
			path = Welcome;
			sourceTree = "<group>";
		};
		A2A8436D2AF0A6DE0028DB72 /* Login */ = {
			isa = PBXGroup;
			children = (
				A2A843732AF0A7450028DB72 /* LoginView.swift */,
				A2A843702AF0A7260028DB72 /* LoginViewController.swift */,
			);
			path = Login;
			sourceTree = "<group>";
		};
		A2A8436F2AF0A6F00028DB72 /* Sign Up */ = {
			isa = PBXGroup;
			children = (
				A2A843752AF0A7500028DB72 /* SignUpView.swift */,
				A2A843772AF0A75A0028DB72 /* SignUpViewController.swift */,
			);
			name = "Sign Up";
			path = "Welcome/Sign Up";
			sourceTree = "<group>";
		};
		A2A843852AF0A7DF0028DB72 /* Profile */ = {
			isa = PBXGroup;
			children = (
				A2A843832AF0A7D90028DB72 /* ProfileView.swift */,
				A2A8437D2AF0A7B50028DB72 /* ProfileViewController.swift */,
			);
			path = Profile;
			sourceTree = "<group>";
		};
		A2A843862AF0A7E70028DB72 /* Leaderboard */ = {
			isa = PBXGroup;
			children = (
				A2A843812AF0A7D00028DB72 /* LeaderboardView.swift */,
				A2A8437B2AF0A7800028DB72 /* LeaderboardViewController.swift */,
			);
			path = Leaderboard;
			sourceTree = "<group>";
		};
		A2A843872AF0A7FD0028DB72 /* Journey */ = {
			isa = PBXGroup;
			children = (
				A2A8437F2AF0A7C40028DB72 /* JourneyView.swift */,
				A2A843792AF0A7750028DB72 /* JourneyViewController.swift */,
			);
			path = Journey;
			sourceTree = "<group>";
		};
		A2D614532AF43E54004900B8 /* Edit Profile */ = {
			isa = PBXGroup;
			children = (
				A2D614562AF43E85004900B8 /* EditProfileView.swift */,
				A2D614542AF43E73004900B8 /* EditProfileViewController.swift */,
			);
			path = "Edit Profile";
			sourceTree = "<group>";
		};
/* End PBXGroup section */

/* Begin PBXNativeTarget section */
		A2A8434D2AF0A2350028DB72 /* stroll */ = {
			isa = PBXNativeTarget;
			buildConfigurationList = A2A843622AF0A2360028DB72 /* Build configuration list for PBXNativeTarget "stroll" */;
			buildPhases = (
				A2A8434A2AF0A2350028DB72 /* Sources */,
				A2A8434B2AF0A2350028DB72 /* Frameworks */,
				A2A8434C2AF0A2350028DB72 /* Resources */,
			);
			buildRules = (
			);
			dependencies = (
			);
			name = stroll;
			productName = stroll;
			productReference = A2A8434E2AF0A2350028DB72 /* stroll.app */;
			productType = "com.apple.product-type.application";
		};
/* End PBXNativeTarget section */

/* Begin PBXProject section */
		A2A843462AF0A2350028DB72 /* Project object */ = {
			isa = PBXProject;
			attributes = {
				BuildIndependentTargetsInParallel = 1;
				LastSwiftUpdateCheck = 1500;
				LastUpgradeCheck = 1500;
				TargetAttributes = {
					A2A8434D2AF0A2350028DB72 = {
						CreatedOnToolsVersion = 15.0.1;
					};
				};
			};
			buildConfigurationList = A2A843492AF0A2350028DB72 /* Build configuration list for PBXProject "stroll" */;
			compatibilityVersion = "Xcode 14.0";
			developmentRegion = en;
			hasScannedForEncodings = 0;
			knownRegions = (
				en,
				Base,
			);
			mainGroup = A2A843452AF0A2350028DB72;
			productRefGroup = A2A8434F2AF0A2350028DB72 /* Products */;
			projectDirPath = "";
			projectRoot = "";
			targets = (
				A2A8434D2AF0A2350028DB72 /* stroll */,
			);
		};
/* End PBXProject section */

/* Begin PBXResourcesBuildPhase section */
		A2A8434C2AF0A2350028DB72 /* Resources */ = {
			isa = PBXResourcesBuildPhase;
			buildActionMask = 2147483647;
			files = (
				A2A8435E2AF0A2360028DB72 /* LaunchScreen.storyboard in Resources */,
				A2A8435B2AF0A2360028DB72 /* Assets.xcassets in Resources */,
				A2A843592AF0A2350028DB72 /* Main.storyboard in Resources */,
			);
			runOnlyForDeploymentPostprocessing = 0;
		};
/* End PBXResourcesBuildPhase section */

/* Begin PBXSourcesBuildPhase section */
		A2A8434A2AF0A2350028DB72 /* Sources */ = {
			isa = PBXSourcesBuildPhase;
			buildActionMask = 2147483647;
			files = (
				A2A843712AF0A7260028DB72 /* LoginViewController.swift in Sources */,
				A2A8436A2AF0A6B50028DB72 /* WelcomeView.swift in Sources */,
				A2A843562AF0A2350028DB72 /* ViewController.swift in Sources */,
				A2A843522AF0A2350028DB72 /* AppDelegate.swift in Sources */,
				A22B3CA52AF17A9A003AB877 /* HomepageViewController.swift in Sources */,
				A2A843782AF0A75A0028DB72 /* SignUpViewController.swift in Sources */,
				A2A843802AF0A7C40028DB72 /* JourneyView.swift in Sources */,
				A2A8436C2AF0A6C20028DB72 /* WelcomeViewController.swift in Sources */,
				A2D614552AF43E73004900B8 /* EditProfileViewController.swift in Sources */,
				A2A843542AF0A2350028DB72 /* SceneDelegate.swift in Sources */,
				A2A843842AF0A7D90028DB72 /* ProfileView.swift in Sources */,
				A2A843742AF0A7450028DB72 /* LoginView.swift in Sources */,
				A2A843762AF0A7500028DB72 /* SignUpView.swift in Sources */,
				A2D614572AF43E85004900B8 /* EditProfileView.swift in Sources */,
				A2A843822AF0A7D00028DB72 /* LeaderboardView.swift in Sources */,
				A2A8437A2AF0A7750028DB72 /* JourneyViewController.swift in Sources */,
				A2A8437E2AF0A7B60028DB72 /* ProfileViewController.swift in Sources */,
				A2A8437C2AF0A7800028DB72 /* LeaderboardViewController.swift in Sources */,
				A2A843662AF0A2800028DB72 /* HomepageView.swift in Sources */,
			);
			runOnlyForDeploymentPostprocessing = 0;
		};
/* End PBXSourcesBuildPhase section */

/* Begin PBXVariantGroup section */
		A2A843572AF0A2350028DB72 /* Main.storyboard */ = {
			isa = PBXVariantGroup;
			children = (
				A2A843582AF0A2350028DB72 /* Base */,
			);
			name = Main.storyboard;
			sourceTree = "<group>";
		};
		A2A8435C2AF0A2360028DB72 /* LaunchScreen.storyboard */ = {
			isa = PBXVariantGroup;
			children = (
				A2A8435D2AF0A2360028DB72 /* Base */,
			);
			name = LaunchScreen.storyboard;
			sourceTree = "<group>";
		};
/* End PBXVariantGroup section */

/* Begin XCBuildConfiguration section */
		A2A843602AF0A2360028DB72 /* Debug */ = {
			isa = XCBuildConfiguration;
			buildSettings = {
				ALWAYS_SEARCH_USER_PATHS = NO;
				ASSETCATALOG_COMPILER_GENERATE_SWIFT_ASSET_SYMBOL_EXTENSIONS = YES;
				CLANG_ANALYZER_NONNULL = YES;
				CLANG_ANALYZER_NUMBER_OBJECT_CONVERSION = YES_AGGRESSIVE;
				CLANG_CXX_LANGUAGE_STANDARD = "gnu++20";
				CLANG_ENABLE_MODULES = YES;
				CLANG_ENABLE_OBJC_ARC = YES;
				CLANG_ENABLE_OBJC_WEAK = YES;
				CLANG_WARN_BLOCK_CAPTURE_AUTORELEASING = YES;
				CLANG_WARN_BOOL_CONVERSION = YES;
				CLANG_WARN_COMMA = YES;
				CLANG_WARN_CONSTANT_CONVERSION = YES;
				CLANG_WARN_DEPRECATED_OBJC_IMPLEMENTATIONS = YES;
				CLANG_WARN_DIRECT_OBJC_ISA_USAGE = YES_ERROR;
				CLANG_WARN_DOCUMENTATION_COMMENTS = YES;
				CLANG_WARN_EMPTY_BODY = YES;
				CLANG_WARN_ENUM_CONVERSION = YES;
				CLANG_WARN_INFINITE_RECURSION = YES;
				CLANG_WARN_INT_CONVERSION = YES;
				CLANG_WARN_NON_LITERAL_NULL_CONVERSION = YES;
				CLANG_WARN_OBJC_IMPLICIT_RETAIN_SELF = YES;
				CLANG_WARN_OBJC_LITERAL_CONVERSION = YES;
				CLANG_WARN_OBJC_ROOT_CLASS = YES_ERROR;
				CLANG_WARN_QUOTED_INCLUDE_IN_FRAMEWORK_HEADER = YES;
				CLANG_WARN_RANGE_LOOP_ANALYSIS = YES;
				CLANG_WARN_STRICT_PROTOTYPES = YES;
				CLANG_WARN_SUSPICIOUS_MOVE = YES;
				CLANG_WARN_UNGUARDED_AVAILABILITY = YES_AGGRESSIVE;
				CLANG_WARN_UNREACHABLE_CODE = YES;
				CLANG_WARN__DUPLICATE_METHOD_MATCH = YES;
				COPY_PHASE_STRIP = NO;
				DEBUG_INFORMATION_FORMAT = dwarf;
				ENABLE_STRICT_OBJC_MSGSEND = YES;
				ENABLE_TESTABILITY = YES;
				ENABLE_USER_SCRIPT_SANDBOXING = YES;
				GCC_C_LANGUAGE_STANDARD = gnu17;
				GCC_DYNAMIC_NO_PIC = NO;
				GCC_NO_COMMON_BLOCKS = YES;
				GCC_OPTIMIZATION_LEVEL = 0;
				GCC_PREPROCESSOR_DEFINITIONS = (
					"DEBUG=1",
					"$(inherited)",
				);
				GCC_WARN_64_TO_32_BIT_CONVERSION = YES;
				GCC_WARN_ABOUT_RETURN_TYPE = YES_ERROR;
				GCC_WARN_UNDECLARED_SELECTOR = YES;
				GCC_WARN_UNINITIALIZED_AUTOS = YES_AGGRESSIVE;
				GCC_WARN_UNUSED_FUNCTION = YES;
				GCC_WARN_UNUSED_VARIABLE = YES;
				IPHONEOS_DEPLOYMENT_TARGET = 17.0;
				LOCALIZATION_PREFERS_STRING_CATALOGS = YES;
				MTL_ENABLE_DEBUG_INFO = INCLUDE_SOURCE;
				MTL_FAST_MATH = YES;
				ONLY_ACTIVE_ARCH = YES;
				SDKROOT = iphoneos;
				SWIFT_ACTIVE_COMPILATION_CONDITIONS = "DEBUG $(inherited)";
				SWIFT_OPTIMIZATION_LEVEL = "-Onone";
			};
			name = Debug;
		};
		A2A843612AF0A2360028DB72 /* Release */ = {
			isa = XCBuildConfiguration;
			buildSettings = {
				ALWAYS_SEARCH_USER_PATHS = NO;
				ASSETCATALOG_COMPILER_GENERATE_SWIFT_ASSET_SYMBOL_EXTENSIONS = YES;
				CLANG_ANALYZER_NONNULL = YES;
				CLANG_ANALYZER_NUMBER_OBJECT_CONVERSION = YES_AGGRESSIVE;
				CLANG_CXX_LANGUAGE_STANDARD = "gnu++20";
				CLANG_ENABLE_MODULES = YES;
				CLANG_ENABLE_OBJC_ARC = YES;
				CLANG_ENABLE_OBJC_WEAK = YES;
				CLANG_WARN_BLOCK_CAPTURE_AUTORELEASING = YES;
				CLANG_WARN_BOOL_CONVERSION = YES;
				CLANG_WARN_COMMA = YES;
				CLANG_WARN_CONSTANT_CONVERSION = YES;
				CLANG_WARN_DEPRECATED_OBJC_IMPLEMENTATIONS = YES;
				CLANG_WARN_DIRECT_OBJC_ISA_USAGE = YES_ERROR;
				CLANG_WARN_DOCUMENTATION_COMMENTS = YES;
				CLANG_WARN_EMPTY_BODY = YES;
				CLANG_WARN_ENUM_CONVERSION = YES;
				CLANG_WARN_INFINITE_RECURSION = YES;
				CLANG_WARN_INT_CONVERSION = YES;
				CLANG_WARN_NON_LITERAL_NULL_CONVERSION = YES;
				CLANG_WARN_OBJC_IMPLICIT_RETAIN_SELF = YES;
				CLANG_WARN_OBJC_LITERAL_CONVERSION = YES;
				CLANG_WARN_OBJC_ROOT_CLASS = YES_ERROR;
				CLANG_WARN_QUOTED_INCLUDE_IN_FRAMEWORK_HEADER = YES;
				CLANG_WARN_RANGE_LOOP_ANALYSIS = YES;
				CLANG_WARN_STRICT_PROTOTYPES = YES;
				CLANG_WARN_SUSPICIOUS_MOVE = YES;
				CLANG_WARN_UNGUARDED_AVAILABILITY = YES_AGGRESSIVE;
				CLANG_WARN_UNREACHABLE_CODE = YES;
				CLANG_WARN__DUPLICATE_METHOD_MATCH = YES;
				COPY_PHASE_STRIP = NO;
				DEBUG_INFORMATION_FORMAT = "dwarf-with-dsym";
				ENABLE_NS_ASSERTIONS = NO;
				ENABLE_STRICT_OBJC_MSGSEND = YES;
				ENABLE_USER_SCRIPT_SANDBOXING = YES;
				GCC_C_LANGUAGE_STANDARD = gnu17;
				GCC_NO_COMMON_BLOCKS = YES;
				GCC_WARN_64_TO_32_BIT_CONVERSION = YES;
				GCC_WARN_ABOUT_RETURN_TYPE = YES_ERROR;
				GCC_WARN_UNDECLARED_SELECTOR = YES;
				GCC_WARN_UNINITIALIZED_AUTOS = YES_AGGRESSIVE;
				GCC_WARN_UNUSED_FUNCTION = YES;
				GCC_WARN_UNUSED_VARIABLE = YES;
				IPHONEOS_DEPLOYMENT_TARGET = 17.0;
				LOCALIZATION_PREFERS_STRING_CATALOGS = YES;
				MTL_ENABLE_DEBUG_INFO = NO;
				MTL_FAST_MATH = YES;
				SDKROOT = iphoneos;
				SWIFT_COMPILATION_MODE = wholemodule;
				VALIDATE_PRODUCT = YES;
			};
			name = Release;
		};
		A2A843632AF0A2360028DB72 /* Debug */ = {
			isa = XCBuildConfiguration;
			buildSettings = {
				ASSETCATALOG_COMPILER_APPICON_NAME = AppIcon;
				ASSETCATALOG_COMPILER_GLOBAL_ACCENT_COLOR_NAME = AccentColor;
				CODE_SIGN_STYLE = Automatic;
				CURRENT_PROJECT_VERSION = 1;
				DEVELOPMENT_TEAM = 49HY39GT2B;
				GENERATE_INFOPLIST_FILE = YES;
				INFOPLIST_FILE = stroll/Info.plist;
				INFOPLIST_KEY_CFBundleDisplayName = stroll;
				INFOPLIST_KEY_LSApplicationCategoryType = "public.app-category.healthcare-fitness";
				INFOPLIST_KEY_UIApplicationSupportsIndirectInputEvents = YES;
				INFOPLIST_KEY_UILaunchStoryboardName = LaunchScreen;
				INFOPLIST_KEY_UIMainStoryboardFile = Main;
				INFOPLIST_KEY_UISupportedInterfaceOrientations = "UIInterfaceOrientationLandscapeLeft UIInterfaceOrientationLandscapeRight UIInterfaceOrientationPortrait";
				INFOPLIST_KEY_UISupportedInterfaceOrientations_iPad = "UIInterfaceOrientationLandscapeLeft UIInterfaceOrientationLandscapeRight UIInterfaceOrientationPortrait UIInterfaceOrientationPortraitUpsideDown";
				LD_RUNPATH_SEARCH_PATHS = (
					"$(inherited)",
					"@executable_path/Frameworks",
				);
				MARKETING_VERSION = 1.0;
				PRODUCT_BUNDLE_IDENTIFIER = com.chapinalf.stroll;
				PRODUCT_NAME = "$(TARGET_NAME)";
				SWIFT_EMIT_LOC_STRINGS = YES;
				SWIFT_VERSION = 5.0;
				TARGETED_DEVICE_FAMILY = "1,2";
			};
			name = Debug;
		};
		A2A843642AF0A2360028DB72 /* Release */ = {
			isa = XCBuildConfiguration;
			buildSettings = {
				ASSETCATALOG_COMPILER_APPICON_NAME = AppIcon;
				ASSETCATALOG_COMPILER_GLOBAL_ACCENT_COLOR_NAME = AccentColor;
				CODE_SIGN_STYLE = Automatic;
				CURRENT_PROJECT_VERSION = 1;
				DEVELOPMENT_TEAM = 49HY39GT2B;
				GENERATE_INFOPLIST_FILE = YES;
				INFOPLIST_FILE = stroll/Info.plist;
				INFOPLIST_KEY_CFBundleDisplayName = stroll;
				INFOPLIST_KEY_LSApplicationCategoryType = "public.app-category.healthcare-fitness";
				INFOPLIST_KEY_UIApplicationSupportsIndirectInputEvents = YES;
				INFOPLIST_KEY_UILaunchStoryboardName = LaunchScreen;
				INFOPLIST_KEY_UIMainStoryboardFile = Main;
				INFOPLIST_KEY_UISupportedInterfaceOrientations = "UIInterfaceOrientationLandscapeLeft UIInterfaceOrientationLandscapeRight UIInterfaceOrientationPortrait";
				INFOPLIST_KEY_UISupportedInterfaceOrientations_iPad = "UIInterfaceOrientationLandscapeLeft UIInterfaceOrientationLandscapeRight UIInterfaceOrientationPortrait UIInterfaceOrientationPortraitUpsideDown";
				LD_RUNPATH_SEARCH_PATHS = (
					"$(inherited)",
					"@executable_path/Frameworks",
				);
				MARKETING_VERSION = 1.0;
				PRODUCT_BUNDLE_IDENTIFIER = com.chapinalf.stroll;
				PRODUCT_NAME = "$(TARGET_NAME)";
				SWIFT_EMIT_LOC_STRINGS = YES;
				SWIFT_VERSION = 5.0;
				TARGETED_DEVICE_FAMILY = "1,2";
			};
			name = Release;
		};
/* End XCBuildConfiguration section */

/* Begin XCConfigurationList section */
		A2A843492AF0A2350028DB72 /* Build configuration list for PBXProject "stroll" */ = {
			isa = XCConfigurationList;
			buildConfigurations = (
				A2A843602AF0A2360028DB72 /* Debug */,
				A2A843612AF0A2360028DB72 /* Release */,
			);
			defaultConfigurationIsVisible = 0;
			defaultConfigurationName = Release;
		};
		A2A843622AF0A2360028DB72 /* Build configuration list for PBXNativeTarget "stroll" */ = {
			isa = XCConfigurationList;
			buildConfigurations = (
				A2A843632AF0A2360028DB72 /* Debug */,
				A2A843642AF0A2360028DB72 /* Release */,
			);
			defaultConfigurationIsVisible = 0;
			defaultConfigurationName = Release;
		};
/* End XCConfigurationList section */
	};
	rootObject = A2A843462AF0A2350028DB72 /* Project object */;
}
